
Microsoft Visual Studio Solution File, Format Version 12.00
# Visual Studio Version 17
VisualStudioVersion = 17.7.34009.444
MinimumVisualStudioVersion = 10.0.40219.1
Project("{9A19103F-16F7-4668-BE54-9A1E7A4F7556}") = "BetsyStore.Common", "BetsyStore.Common\BetsyStore.Common.csproj", "{4AD99B02-C0E6-42C4-8335-5B66879ED5B0}"
EndProject
Project("{FAE04EC0-301F-11D3-BF4B-00C04F79EFBC}") = "BetsyStore", "BetsyStore\BetsyStore.csproj", "{B1F44806-C881-4596-B79F-004CB7DFDD64}"
EndProject
Project("{FAE04EC0-301F-11D3-BF4B-00C04F79EFBC}") = "BetsyStore.DataAccess", "BetsyStore.DataAccess\BetsyStore.DataAccess.csproj", "{BF118E84-7E21-4C78-80E5-48F68419759F}"
EndProject
Project("{FAE04EC0-301F-11D3-BF4B-00C04F79EFBC}") = "BetsyStore.Models", "BetsyStore.Models\BetsyStore.Models.csproj", "{4CB10536-BA57-4301-A9C4-3CCB11A5BFAD}"
EndProject
Global
	GlobalSection(SolutionConfigurationPlatforms) = preSolution
		Debug|Any CPU = Debug|Any CPU
		Release|Any CPU = Release|Any CPU
	EndGlobalSection
	GlobalSection(ProjectConfigurationPlatforms) = postSolution
		{4AD99B02-C0E6-42C4-8335-5B66879ED5B0}.Debug|Any CPU.ActiveCfg = Debug|Any CPU
		{4AD99B02-C0E6-42C4-8335-5B66879ED5B0}.Debug|Any CPU.Build.0 = Debug|Any CPU
		{4AD99B02-C0E6-42C4-8335-5B66879ED5B0}.Release|Any CPU.ActiveCfg = Release|Any CPU
		{4AD99B02-C0E6-42C4-8335-5B66879ED5B0}.Release|Any CPU.Build.0 = Release|Any CPU
		{B1F44806-C881-4596-B79F-004CB7DFDD64}.Debug|Any CPU.ActiveCfg = Debug|Any CPU
		{B1F44806-C881-4596-B79F-004CB7DFDD64}.Debug|Any CPU.Build.0 = Debug|Any CPU
		{B1F44806-C881-4596-B79F-004CB7DFDD64}.Release|Any CPU.ActiveCfg = Release|Any CPU
		{B1F44806-C881-4596-B79F-004CB7DFDD64}.Release|Any CPU.Build.0 = Release|Any CPU
		{BF118E84-7E21-4C78-80E5-48F68419759F}.Debug|Any CPU.ActiveCfg = Debug|Any CPU
		{BF118E84-7E21-4C78-80E5-48F68419759F}.Debug|Any CPU.Build.0 = Debug|Any CPU
		{BF118E84-7E21-4C78-80E5-48F68419759F}.Release|Any CPU.ActiveCfg = Release|Any CPU
		{BF118E84-7E21-4C78-80E5-48F68419759F}.Release|Any CPU.Build.0 = Release|Any CPU
		{4CB10536-BA57-4301-A9C4-3CCB11A5BFAD}.Debug|Any CPU.ActiveCfg = Debug|Any CPU
		{4CB10536-BA57-4301-A9C4-3CCB11A5BFAD}.Debug|Any CPU.Build.0 = Debug|Any CPU
		{4CB10536-BA57-4301-A9C4-3CCB11A5BFAD}.Release|Any CPU.ActiveCfg = Release|Any CPU
		{4CB10536-BA57-4301-A9C4-3CCB11A5BFAD}.Release|Any CPU.Build.0 = Release|Any CPU
	EndGlobalSection
	GlobalSection(SolutionProperties) = preSolution
		HideSolutionNode = FALSE
	EndGlobalSection
	GlobalSection(ExtensibilityGlobals) = postSolution
		SolutionGuid = {476CAB69-9420-4D1C-B901-C069AC150F5C}
	EndGlobalSection
EndGlobal
